{
  "requires": true,
  "lockfileVersion": 1,
  "dependencies": {
    "cordova-plugin-sqlite-2": {
      "version": "1.0.5",
      "resolved": "https://registry.npmjs.org/cordova-plugin-sqlite-2/-/cordova-plugin-sqlite-2-1.0.5.tgz",
      "integrity": "sha512-ygfwPeBn3Pm9TXpQuTBETUsxTn5wRPkuYbasqDs4geCL21NPXa0An7hxNkMRKb0FMMjNEmMBrFS2MvZaJ0dQDQ=="
    }
  }
}
